
Microsoft Visual Studio Solution File, Format Version 12.00
# Visual Studio Version 17
VisualStudioVersion = 17.12.35521.163
MinimumVisualStudioVersion = 10.0.40219.1
Project("{FAE04EC0-301F-11D3-BF4B-00C04F79EFBC}") = "SR31-2023-POP2024", "SR31-2023-POP2024.csproj", "{D768777C-9DD3-49CD-9A30-5E2E3F7CB118}"
EndProject
Project("{FAE04EC0-301F-11D3-BF4B-00C04F79EFBC}") = "WPF", "..\WPF\WPF.csproj", "{E2249A61-91C5-40CB-BA95-AF00D469C237}"
EndProject
Global
	GlobalSection(SolutionConfigurationPlatforms) = preSolution
		Debug|Any CPU = Debug|Any CPU
		Release|Any CPU = Release|Any CPU
	EndGlobalSection
	GlobalSection(ProjectConfigurationPlatforms) = postSolution
		{D768777C-9DD3-49CD-9A30-5E2E3F7CB118}.Debug|Any CPU.ActiveCfg = Debug|Any CPU
		{D768777C-9DD3-49CD-9A30-5E2E3F7CB118}.Debug|Any CPU.Build.0 = Debug|Any CPU
		{D768777C-9DD3-49CD-9A30-5E2E3F7CB118}.Release|Any CPU.ActiveCfg = Release|Any CPU
		{D768777C-9DD3-49CD-9A30-5E2E3F7CB118}.Release|Any CPU.Build.0 = Release|Any CPU
		{E2249A61-91C5-40CB-BA95-AF00D469C237}.Debug|Any CPU.ActiveCfg = Debug|Any CPU
		{E2249A61-91C5-40CB-BA95-AF00D469C237}.Debug|Any CPU.Build.0 = Debug|Any CPU
		{E2249A61-91C5-40CB-BA95-AF00D469C237}.Release|Any CPU.ActiveCfg = Release|Any CPU
		{E2249A61-91C5-40CB-BA95-AF00D469C237}.Release|Any CPU.Build.0 = Release|Any CPU
	EndGlobalSection
	GlobalSection(SolutionProperties) = preSolution
		HideSolutionNode = FALSE
	EndGlobalSection
EndGlobal
