
Microsoft Visual Studio Solution File, Format Version 12.00
# Visual Studio Version 17
VisualStudioVersion = 17.12.35521.163 d17.12
MinimumVisualStudioVersion = 10.0.40219.1
Project("{FAE04EC0-301F-11D3-BF4B-00C04F79EFBC}") = "SR31-2023-POP2024", "SR31-2023-POP2024.csproj", "{87BB4924-0D58-4930-AEE7-1CDEB1373315}"
EndProject
Project("{FAE04EC0-301F-11D3-BF4B-00C04F79EFBC}") = "WPF", "..\WPF\WPF.csproj", "{B2EB760A-8FB0-482A-A0D1-F137FF6A5841}"
EndProject
Global
	GlobalSection(SolutionConfigurationPlatforms) = preSolution
		Debug|Any CPU = Debug|Any CPU
		Release|Any CPU = Release|Any CPU
	EndGlobalSection
	GlobalSection(ProjectConfigurationPlatforms) = postSolution
		{87BB4924-0D58-4930-AEE7-1CDEB1373315}.Debug|Any CPU.ActiveCfg = Debug|Any CPU
		{87BB4924-0D58-4930-AEE7-1CDEB1373315}.Debug|Any CPU.Build.0 = Debug|Any CPU
		{87BB4924-0D58-4930-AEE7-1CDEB1373315}.Release|Any CPU.ActiveCfg = Release|Any CPU
		{87BB4924-0D58-4930-AEE7-1CDEB1373315}.Release|Any CPU.Build.0 = Release|Any CPU
		{B2EB760A-8FB0-482A-A0D1-F137FF6A5841}.Debug|Any CPU.ActiveCfg = Debug|Any CPU
		{B2EB760A-8FB0-482A-A0D1-F137FF6A5841}.Debug|Any CPU.Build.0 = Debug|Any CPU
		{B2EB760A-8FB0-482A-A0D1-F137FF6A5841}.Release|Any CPU.ActiveCfg = Release|Any CPU
		{B2EB760A-8FB0-482A-A0D1-F137FF6A5841}.Release|Any CPU.Build.0 = Release|Any CPU
	EndGlobalSection
	GlobalSection(SolutionProperties) = preSolution
		HideSolutionNode = FALSE
	EndGlobalSection
EndGlobal
